# This file is automatically @generated by Poetry 1.6.1 and should not be changed by hand.

[[package]]
name = "configparser"
version = "6.0.0"
description = "Updated configparser from stdlib for earlier Pythons."
optional = false
python-versions = ">=3.8"
files = [
    {file = "configparser-6.0.0-py3-none-any.whl", hash = "sha256:900ea2bb01b2540b1a644ad3d5351e9b961a4a012d4732f619375fb8f641ee19"},
    {file = "configparser-6.0.0.tar.gz", hash = "sha256:ec914ab1e56c672de1f5c3483964e68f71b34e457904b7b76e06b922aec067a8"},
]

[package.extras]
docs = ["furo", "jaraco.packaging (>=9.3)", "jaraco.tidelift (>=1.4)", "rst.linker (>=1.9)", "sphinx (>=3.5)", "sphinx-lint"]
testing = ["pytest (>=6)", "pytest-black (>=0.3.7)", "pytest-checkdocs (>=2.4)", "pytest-cov", "pytest-enabler (>=2.2)", "pytest-mypy (>=0.9.1)", "pytest-ruff", "types-backports"]

[[package]]
name = "datetime"
version = "5.2"
description = "This package provides a DateTime data type, as known from Zope. Unless you need to communicate with Zope APIs, you're probably better off using Python's built-in datetime module."
optional = false
python-versions = ">=3.7"
files = [
    {file = "DateTime-5.2-py3-none-any.whl", hash = "sha256:25250fb36f7184dad805faaf3f012e0b36f353cd97518e8f232babef5c53596e"},
    {file = "DateTime-5.2.tar.gz", hash = "sha256:63194d2184de10e0b41e76596ba6538bd1d89db6f7b3c182789c75b0ac5c6697"},
]

[package.dependencies]
pytz = "*"
"zope.interface" = "*"

[[package]]
name = "numpy"
version = "1.25.2"
description = "Fundamental package for array computing in Python"
optional = false
python-versions = ">=3.9"
files = [
    {file = "numpy-1.25.2-cp310-cp310-macosx_10_9_x86_64.whl", hash = "sha256:db3ccc4e37a6873045580d413fe79b68e47a681af8db2e046f1dacfa11f86eb3"},
    {file = "numpy-1.25.2-cp310-cp310-macosx_11_0_arm64.whl", hash = "sha256:90319e4f002795ccfc9050110bbbaa16c944b1c37c0baeea43c5fb881693ae1f"},
    {file = "numpy-1.25.2-cp310-cp310-manylinux_2_17_aarch64.manylinux2014_aarch64.whl", hash = "sha256:dfe4a913e29b418d096e696ddd422d8a5d13ffba4ea91f9f60440a3b759b0187"},
    {file = "numpy-1.25.2-cp310-cp310-manylinux_2_17_x86_64.manylinux2014_x86_64.whl", hash = "sha256:f08f2e037bba04e707eebf4bc934f1972a315c883a9e0ebfa8a7756eabf9e357"},
    {file = "numpy-1.25.2-cp310-cp310-musllinux_1_1_x86_64.whl", hash = "sha256:bec1e7213c7cb00d67093247f8c4db156fd03075f49876957dca4711306d39c9"},
    {file = "numpy-1.25.2-cp310-cp310-win32.whl", hash = "sha256:7dc869c0c75988e1c693d0e2d5b26034644399dd929bc049db55395b1379e044"},
    {file = "numpy-1.25.2-cp310-cp310-win_amd64.whl", hash = "sha256:834b386f2b8210dca38c71a6e0f4fd6922f7d3fcff935dbe3a570945acb1b545"},
    {file = "numpy-1.25.2-cp311-cp311-macosx_10_9_x86_64.whl", hash = "sha256:c5462d19336db4560041517dbb7759c21d181a67cb01b36ca109b2ae37d32418"},
    {file = "numpy-1.25.2-cp311-cp311-macosx_11_0_arm64.whl", hash = "sha256:c5652ea24d33585ea39eb6a6a15dac87a1206a692719ff45d53c5282e66d4a8f"},
    {file = "numpy-1.25.2-cp311-cp311-manylinux_2_17_aarch64.manylinux2014_aarch64.whl", hash = "sha256:0d60fbae8e0019865fc4784745814cff1c421df5afee233db6d88ab4f14655a2"},
    {file = "numpy-1.25.2-cp311-cp311-manylinux_2_17_x86_64.manylinux2014_x86_64.whl", hash = "sha256:60e7f0f7f6d0eee8364b9a6304c2845b9c491ac706048c7e8cf47b83123b8dbf"},
    {file = "numpy-1.25.2-cp311-cp311-musllinux_1_1_x86_64.whl", hash = "sha256:bb33d5a1cf360304754913a350edda36d5b8c5331a8237268c48f91253c3a364"},
    {file = "numpy-1.25.2-cp311-cp311-win32.whl", hash = "sha256:5883c06bb92f2e6c8181df7b39971a5fb436288db58b5a1c3967702d4278691d"},
    {file = "numpy-1.25.2-cp311-cp311-win_amd64.whl", hash = "sha256:5c97325a0ba6f9d041feb9390924614b60b99209a71a69c876f71052521d42a4"},
    {file = "numpy-1.25.2-cp39-cp39-macosx_10_9_x86_64.whl", hash = "sha256:b79e513d7aac42ae918db3ad1341a015488530d0bb2a6abcbdd10a3a829ccfd3"},
    {file = "numpy-1.25.2-cp39-cp39-macosx_11_0_arm64.whl", hash = "sha256:eb942bfb6f84df5ce05dbf4b46673ffed0d3da59f13635ea9b926af3deb76926"},
    {file = "numpy-1.25.2-cp39-cp39-manylinux_2_17_aarch64.manylinux2014_aarch64.whl", hash = "sha256:3e0746410e73384e70d286f93abf2520035250aad8c5714240b0492a7302fdca"},
    {file = "numpy-1.25.2-cp39-cp39-manylinux_2_17_x86_64.manylinux2014_x86_64.whl", hash = "sha256:d7806500e4f5bdd04095e849265e55de20d8cc4b661b038957354327f6d9b295"},
    {file = "numpy-1.25.2-cp39-cp39-musllinux_1_1_x86_64.whl", hash = "sha256:8b77775f4b7df768967a7c8b3567e309f617dd5e99aeb886fa14dc1a0791141f"},
    {file = "numpy-1.25.2-cp39-cp39-win32.whl", hash = "sha256:2792d23d62ec51e50ce4d4b7d73de8f67a2fd3ea710dcbc8563a51a03fb07b01"},
    {file = "numpy-1.25.2-cp39-cp39-win_amd64.whl", hash = "sha256:76b4115d42a7dfc5d485d358728cdd8719be33cc5ec6ec08632a5d6fca2ed380"},
    {file = "numpy-1.25.2-pp39-pypy39_pp73-macosx_10_9_x86_64.whl", hash = "sha256:1a1329e26f46230bf77b02cc19e900db9b52f398d6722ca853349a782d4cff55"},
    {file = "numpy-1.25.2-pp39-pypy39_pp73-manylinux_2_17_x86_64.manylinux2014_x86_64.whl", hash = "sha256:4c3abc71e8b6edba80a01a52e66d83c5d14433cbcd26a40c329ec7ed09f37901"},
    {file = "numpy-1.25.2-pp39-pypy39_pp73-win_amd64.whl", hash = "sha256:1b9735c27cea5d995496f46a8b1cd7b408b3f34b6d50459d9ac8fe3a20cc17bf"},
    {file = "numpy-1.25.2.tar.gz", hash = "sha256:fd608e19c8d7c55021dffd43bfe5492fab8cc105cc8986f813f8c3c048b38760"},
]

[[package]]
name = "opencv-python"
version = "4.8.1.78"
description = "Wrapper package for OpenCV python bindings."
optional = false
python-versions = ">=3.6"
files = [
    {file = "opencv-python-4.8.1.78.tar.gz", hash = "sha256:cc7adbbcd1112877a39274106cb2752e04984bc01a031162952e97450d6117f6"},
    {file = "opencv_python-4.8.1.78-cp37-abi3-macosx_10_16_x86_64.whl", hash = "sha256:91d5f6f5209dc2635d496f6b8ca6573ecdad051a09e6b5de4c399b8e673c60da"},
    {file = "opencv_python-4.8.1.78-cp37-abi3-macosx_11_0_arm64.whl", hash = "sha256:bc31f47e05447da8b3089faa0a07ffe80e114c91ce0b171e6424f9badbd1c5cd"},
    {file = "opencv_python-4.8.1.78-cp37-abi3-manylinux_2_17_aarch64.manylinux2014_aarch64.whl", hash = "sha256:9814beca408d3a0eca1bae7e3e5be68b07c17ecceb392b94170881216e09b319"},
    {file = "opencv_python-4.8.1.78-cp37-abi3-manylinux_2_17_x86_64.manylinux2014_x86_64.whl", hash = "sha256:c4c406bdb41eb21ea51b4e90dfbc989c002786c3f601c236a99c59a54670a394"},
    {file = "opencv_python-4.8.1.78-cp37-abi3-win32.whl", hash = "sha256:a7aac3900fbacf55b551e7b53626c3dad4c71ce85643645c43e91fcb19045e47"},
    {file = "opencv_python-4.8.1.78-cp37-abi3-win_amd64.whl", hash = "sha256:b983197f97cfa6fcb74e1da1802c7497a6f94ed561aba6980f1f33123f904956"},
]

[package.dependencies]
numpy = {version = ">=1.23.5", markers = "python_version >= \"3.11\""}

[[package]]
name = "pytz"
version = "2023.3.post1"
description = "World timezone definitions, modern and historical"
optional = false
python-versions = "*"
files = [
    {file = "pytz-2023.3.post1-py2.py3-none-any.whl", hash = "sha256:ce42d816b81b68506614c11e8937d3aa9e41007ceb50bfdcb0749b921bf646c7"},
    {file = "pytz-2023.3.post1.tar.gz", hash = "sha256:7b4fddbeb94a1eba4b557da24f19fdf9db575192544270a9101d8509f9f43d7b"},
]

[[package]]
name = "setuptools"
version = "68.2.2"
description = "Easily download, build, install, upgrade, and uninstall Python packages"
optional = false
python-versions = ">=3.8"
files = [
    {file = "setuptools-68.2.2-py3-none-any.whl", hash = "sha256:b454a35605876da60632df1a60f736524eb73cc47bbc9f3f1ef1b644de74fd2a"},
    {file = "setuptools-68.2.2.tar.gz", hash = "sha256:4ac1475276d2f1c48684874089fefcd83bd7162ddaafb81fac866ba0db282a87"},
]

[package.extras]
docs = ["furo", "jaraco.packaging (>=9.3)", "jaraco.tidelift (>=1.4)", "pygments-github-lexers (==0.0.5)", "rst.linker (>=1.9)", "sphinx (>=3.5)", "sphinx-favicon", "sphinx-hoverxref (<2)", "sphinx-inline-tabs", "sphinx-lint", "sphinx-notfound-page (>=1,<2)", "sphinx-reredirects", "sphinxcontrib-towncrier"]
testing = ["build[virtualenv]", "filelock (>=3.4.0)", "flake8-2020", "ini2toml[lite] (>=0.9)", "jaraco.develop (>=7.21)", "jaraco.envs (>=2.2)", "jaraco.path (>=3.2.0)", "pip (>=19.1)", "pytest (>=6)", "pytest-black (>=0.3.7)", "pytest-checkdocs (>=2.4)", "pytest-cov", "pytest-enabler (>=2.2)", "pytest-mypy (>=0.9.1)", "pytest-perf", "pytest-ruff", "pytest-timeout", "pytest-xdist", "tomli-w (>=1.0.0)", "virtualenv (>=13.0.0)", "wheel"]
testing-integration = ["build[virtualenv] (>=1.0.3)", "filelock (>=3.4.0)", "jaraco.envs (>=2.2)", "jaraco.path (>=3.2.0)", "packaging (>=23.1)", "pytest", "pytest-enabler", "pytest-xdist", "tomli", "virtualenv (>=13.0.0)", "wheel"]

[[package]]
name = "zope-interface"
version = "6.1"
description = "Interfaces for Python"
optional = false
python-versions = ">=3.7"
files = [
    {file = "zope.interface-6.1-cp310-cp310-macosx_10_9_x86_64.whl", hash = "sha256:43b576c34ef0c1f5a4981163b551a8781896f2a37f71b8655fd20b5af0386abb"},
    {file = "zope.interface-6.1-cp310-cp310-macosx_11_0_arm64.whl", hash = "sha256:67be3ca75012c6e9b109860820a8b6c9a84bfb036fbd1076246b98e56951ca92"},
    {file = "zope.interface-6.1-cp310-cp310-manylinux_2_17_aarch64.manylinux2014_aarch64.whl", hash = "sha256:9b9bc671626281f6045ad61d93a60f52fd5e8209b1610972cf0ef1bbe6d808e3"},
    {file = "zope.interface-6.1-cp310-cp310-manylinux_2_5_i686.manylinux1_i686.manylinux_2_17_i686.manylinux2014_i686.whl", hash = "sha256:bbe81def9cf3e46f16ce01d9bfd8bea595e06505e51b7baf45115c77352675fd"},
    {file = "zope.interface-6.1-cp310-cp310-manylinux_2_5_x86_64.manylinux1_x86_64.manylinux_2_17_x86_64.manylinux2014_x86_64.whl", hash = "sha256:6dc998f6de015723196a904045e5a2217f3590b62ea31990672e31fbc5370b41"},
    {file = "zope.interface-6.1-cp310-cp310-win_amd64.whl", hash = "sha256:239a4a08525c080ff833560171d23b249f7f4d17fcbf9316ef4159f44997616f"},
    {file = "zope.interface-6.1-cp311-cp311-macosx_10_9_x86_64.whl", hash = "sha256:9ffdaa5290422ac0f1688cb8adb1b94ca56cee3ad11f29f2ae301df8aecba7d1"},
    {file = "zope.interface-6.1-cp311-cp311-macosx_11_0_arm64.whl", hash = "sha256:34c15ca9248f2e095ef2e93af2d633358c5f048c49fbfddf5fdfc47d5e263736"},
    {file = "zope.interface-6.1-cp311-cp311-manylinux_2_17_aarch64.manylinux2014_aarch64.whl", hash = "sha256:b012d023b4fb59183909b45d7f97fb493ef7a46d2838a5e716e3155081894605"},
    {file = "zope.interface-6.1-cp311-cp311-manylinux_2_5_i686.manylinux1_i686.manylinux_2_17_i686.manylinux2014_i686.whl", hash = "sha256:97806e9ca3651588c1baaebb8d0c5ee3db95430b612db354c199b57378312ee8"},
    {file = "zope.interface-6.1-cp311-cp311-manylinux_2_5_x86_64.manylinux1_x86_64.manylinux_2_17_x86_64.manylinux2014_x86_64.whl", hash = "sha256:fddbab55a2473f1d3b8833ec6b7ac31e8211b0aa608df5ab09ce07f3727326de"},
    {file = "zope.interface-6.1-cp311-cp311-win_amd64.whl", hash = "sha256:a0da79117952a9a41253696ed3e8b560a425197d4e41634a23b1507efe3273f1"},
    {file = "zope.interface-6.1-cp312-cp312-macosx_10_9_x86_64.whl", hash = "sha256:e8bb9c990ca9027b4214fa543fd4025818dc95f8b7abce79d61dc8a2112b561a"},
    {file = "zope.interface-6.1-cp312-cp312-macosx_11_0_arm64.whl", hash = "sha256:b51b64432eed4c0744241e9ce5c70dcfecac866dff720e746d0a9c82f371dfa7"},
    {file = "zope.interface-6.1-cp312-cp312-manylinux_2_17_aarch64.manylinux2014_aarch64.whl", hash = "sha256:aa6fd016e9644406d0a61313e50348c706e911dca29736a3266fc9e28ec4ca6d"},
    {file = "zope.interface-6.1-cp312-cp312-manylinux_2_5_i686.manylinux1_i686.manylinux_2_17_i686.manylinux2014_i686.whl", hash = "sha256:0c8cf55261e15590065039696607f6c9c1aeda700ceee40c70478552d323b3ff"},
    {file = "zope.interface-6.1-cp312-cp312-manylinux_2_5_x86_64.manylinux1_x86_64.manylinux_2_17_x86_64.manylinux2014_x86_64.whl", hash = "sha256:e30506bcb03de8983f78884807e4fd95d8db6e65b69257eea05d13d519b83ac0"},
    {file = "zope.interface-6.1-cp312-cp312-win_amd64.whl", hash = "sha256:e33e86fd65f369f10608b08729c8f1c92ec7e0e485964670b4d2633a4812d36b"},
    {file = "zope.interface-6.1-cp37-cp37m-macosx_11_0_x86_64.whl", hash = "sha256:2f8d89721834524a813f37fa174bac074ec3d179858e4ad1b7efd4401f8ac45d"},
    {file = "zope.interface-6.1-cp37-cp37m-manylinux_2_17_aarch64.manylinux2014_aarch64.whl", hash = "sha256:13b7d0f2a67eb83c385880489dbb80145e9d344427b4262c49fbf2581677c11c"},
    {file = "zope.interface-6.1-cp37-cp37m-manylinux_2_5_i686.manylinux1_i686.manylinux_2_17_i686.manylinux2014_i686.whl", hash = "sha256:ef43ee91c193f827e49599e824385ec7c7f3cd152d74cb1dfe02cb135f264d83"},
    {file = "zope.interface-6.1-cp37-cp37m-manylinux_2_5_x86_64.manylinux1_x86_64.manylinux_2_17_x86_64.manylinux2014_x86_64.whl", hash = "sha256:e441e8b7d587af0414d25e8d05e27040d78581388eed4c54c30c0c91aad3a379"},
    {file = "zope.interface-6.1-cp37-cp37m-win_amd64.whl", hash = "sha256:f89b28772fc2562ed9ad871c865f5320ef761a7fcc188a935e21fe8b31a38ca9"},
    {file = "zope.interface-6.1-cp38-cp38-macosx_10_9_x86_64.whl", hash = "sha256:70d2cef1bf529bff41559be2de9d44d47b002f65e17f43c73ddefc92f32bf00f"},
    {file = "zope.interface-6.1-cp38-cp38-macosx_11_0_arm64.whl", hash = "sha256:ad54ed57bdfa3254d23ae04a4b1ce405954969c1b0550cc2d1d2990e8b439de1"},
    {file = "zope.interface-6.1-cp38-cp38-manylinux_2_17_aarch64.manylinux2014_aarch64.whl", hash = "sha256:ef467d86d3cfde8b39ea1b35090208b0447caaabd38405420830f7fd85fbdd56"},
    {file = "zope.interface-6.1-cp38-cp38-manylinux_2_5_i686.manylinux1_i686.manylinux_2_17_i686.manylinux2014_i686.whl", hash = "sha256:6af47f10cfc54c2ba2d825220f180cc1e2d4914d783d6fc0cd93d43d7bc1c78b"},
    {file = "zope.interface-6.1-cp38-cp38-manylinux_2_5_x86_64.manylinux1_x86_64.manylinux_2_17_x86_64.manylinux2014_x86_64.whl", hash = "sha256:c9559138690e1bd4ea6cd0954d22d1e9251e8025ce9ede5d0af0ceae4a401e43"},
    {file = "zope.interface-6.1-cp38-cp38-win_amd64.whl", hash = "sha256:964a7af27379ff4357dad1256d9f215047e70e93009e532d36dcb8909036033d"},
    {file = "zope.interface-6.1-cp39-cp39-macosx_10_9_x86_64.whl", hash = "sha256:387545206c56b0315fbadb0431d5129c797f92dc59e276b3ce82db07ac1c6179"},
    {file = "zope.interface-6.1-cp39-cp39-macosx_11_0_arm64.whl", hash = "sha256:57d0a8ce40ce440f96a2c77824ee94bf0d0925e6089df7366c2272ccefcb7941"},
    {file = "zope.interface-6.1-cp39-cp39-manylinux_2_17_aarch64.manylinux2014_aarch64.whl", hash = "sha256:7ebc4d34e7620c4f0da7bf162c81978fce0ea820e4fa1e8fc40ee763839805f3"},
    {file = "zope.interface-6.1-cp39-cp39-manylinux_2_5_i686.manylinux1_i686.manylinux_2_17_i686.manylinux2014_i686.whl", hash = "sha256:5a804abc126b33824a44a7aa94f06cd211a18bbf31898ba04bd0924fbe9d282d"},
    {file = "zope.interface-6.1-cp39-cp39-manylinux_2_5_x86_64.manylinux1_x86_64.manylinux_2_17_x86_64.manylinux2014_x86_64.whl", hash = "sha256:1f294a15f7723fc0d3b40701ca9b446133ec713eafc1cc6afa7b3d98666ee1ac"},
    {file = "zope.interface-6.1-cp39-cp39-win_amd64.whl", hash = "sha256:a41f87bb93b8048fe866fa9e3d0c51e27fe55149035dcf5f43da4b56732c0a40"},
    {file = "zope.interface-6.1.tar.gz", hash = "sha256:2fdc7ccbd6eb6b7df5353012fbed6c3c5d04ceaca0038f75e601060e95345309"},
]

[package.dependencies]
setuptools = "*"

[package.extras]
docs = ["Sphinx", "repoze.sphinx.autointerface", "sphinx-rtd-theme"]
test = ["coverage (>=5.0.3)", "zope.event", "zope.testing"]
testing = ["coverage (>=5.0.3)", "zope.event", "zope.testing"]

[metadata]
lock-version = "2.0"
python-versions = "^3.11"
content-hash = "1d1e03b52166ba5e950c5587c13dc98eda81f84ff7155dcb3b6e7037029990db"
